<?xml version="1.0" encoding="utf-8"?>
<Project ToolsVersion="4.0" xmlns="http://schemas.microsoft.com/developer/msbuild/2003">
  <ItemGroup>
    <Filter Include="Исходные файлы">
      <UniqueIdentifier>{4FC737F1-C7A5-4376-A066-2A32D752A2FF}</UniqueIdentifier>
      <Extensions>cpp;c;cc;cxx;c++;cppm;ixx;def;odl;idl;hpj;bat;asm;asmx</Extensions>
    </Filter>
    <Filter Include="Файлы заголовков">
      <UniqueIdentifier>{93995380-89BD-4b04-88EB-625FBE52EBFB}</UniqueIdentifier>
      <Extensions>h;hh;hpp;hxx;h++;hm;inl;inc;ipp;xsd</Extensions>
    </Filter>
    <Filter Include="Файлы ресурсов">
      <UniqueIdentifier>{67DA6AB6-F800-4c08-8B7A-83BB121AAD01}</UniqueIdentifier>
      <Extensions>rc;ico;cur;bmp;dlg;rc2;rct;bin;rgs;gif;jpg;jpeg;jpe;resx;tiff;tif;png;wav;mfcribbon-ms</Extensions>
    </Filter>
  </ItemGroup>
  <ItemGroup>
    <ClCompile Include="mced.cpp">
      <Filter>Исходные файлы</Filter>
    </ClCompile>
    <ClCompile Include="..\Codes\combinatorics.cpp">
      <Filter>Исходные файлы</Filter>
    </ClCompile>
    <ClCompile Include="..\Codes\crc.cpp">
      <Filter>Исходные файлы</Filter>
    </ClCompile>
    <ClCompile Include="..\Codes\dcode.cpp">
      <Filter>Исходные файлы</Filter>
    </ClCompile>
    <ClCompile Include="..\Codes\factorclasses.cpp">
      <Filter>Исходные файлы</Filter>
    </ClCompile>
    <ClCompile Include="..\Codes\hadamar_matrix.cpp">
      <Filter>Исходные файлы</Filter>
    </ClCompile>
    <ClCompile Include="..\Codes\hadamar_matrix_fast.cpp">
      <Filter>Исходные файлы</Filter>
    </ClCompile>
    <ClCompile Include="..\Codes\matrix_tensor_product.cpp">
      <Filter>Исходные файлы</Filter>
    </ClCompile>
    <ClCompile Include="..\Codes\permutation.cpp">
      <Filter>Исходные файлы</Filter>
    </ClCompile>
    <ClCompile Include="..\Codes\rmcode.cpp">
      <Filter>Исходные файлы</Filter>
    </ClCompile>
    <ClCompile Include="..\Codes\SBitArray.cpp">
      <Filter>Исходные файлы</Filter>
    </ClCompile>
    <ClCompile Include="..\Codes\sbitsmatrix.cpp">
      <Filter>Исходные файлы</Filter>
    </ClCompile>
    <ClCompile Include="..\Codes\vectorspacef2.cpp">
      <Filter>Исходные файлы</Filter>
    </ClCompile>
    <ClCompile Include="..\Crypto\BlockCiphers\Kuznyechik.cpp">
      <Filter>Исходные файлы</Filter>
    </ClCompile>
    <ClCompile Include="..\Crypto\BlockCiphers\mycrypto.cpp">
      <Filter>Исходные файлы</Filter>
    </ClCompile>
    <ClCompile Include="..\Crypto\RandomGenerators\ISAAK\sec_rand.cpp">
      <Filter>Исходные файлы</Filter>
    </ClCompile>
    <ClCompile Include="..\Crypto\RandomGenerators\ISAAK\sec_rand_c.c">
      <Filter>Исходные файлы</Filter>
    </ClCompile>
    <ClCompile Include="..\Crypto\RandomGenerators\ISAAK\srandomgenerator_isaak.cpp">
      <Filter>Исходные файлы</Filter>
    </ClCompile>
    <ClCompile Include="..\Crypto\RandomGenerators\OFBGamma\srandomgenerator_ofbgamma.cpp">
      <Filter>Исходные файлы</Filter>
    </ClCompile>
    <ClCompile Include="..\Crypto\RandomGenerators\srandomgenerator.cpp">
      <Filter>Исходные файлы</Filter>
    </ClCompile>
  </ItemGroup>
  <ItemGroup>
    <ClInclude Include="..\Codes\combinatorics.h">
      <Filter>Файлы заголовков</Filter>
    </ClInclude>
    <ClInclude Include="..\Codes\crc.h">
      <Filter>Файлы заголовков</Filter>
    </ClInclude>
    <ClInclude Include="..\Codes\dcode.h">
      <Filter>Файлы заголовков</Filter>
    </ClInclude>
    <ClInclude Include="..\Codes\factorclasses.h">
      <Filter>Файлы заголовков</Filter>
    </ClInclude>
    <ClInclude Include="..\Codes\hadamar_matrix.h">
      <Filter>Файлы заголовков</Filter>
    </ClInclude>
    <ClInclude Include="..\Codes\hadamar_matrix_fast.h">
      <Filter>Файлы заголовков</Filter>
    </ClInclude>
    <ClInclude Include="..\Codes\matrix_tensor_product.h">
      <Filter>Файлы заголовков</Filter>
    </ClInclude>
    <ClInclude Include="..\Codes\permutation.h">
      <Filter>Файлы заголовков</Filter>
    </ClInclude>
    <ClInclude Include="..\Codes\rmcode.h">
      <Filter>Файлы заголовков</Filter>
    </ClInclude>
    <ClInclude Include="..\Codes\SBitsArray.h">
      <Filter>Файлы заголовков</Filter>
    </ClInclude>
    <ClInclude Include="..\Codes\sbitsmatrix.h">
      <Filter>Файлы заголовков</Filter>
    </ClInclude>
    <ClInclude Include="..\Codes\vectorspacef2.h">
      <Filter>Файлы заголовков</Filter>
    </ClInclude>
    <ClInclude Include="..\Crypto\BlockCiphers\Kuznyechik.hpp">
      <Filter>Файлы заголовков</Filter>
    </ClInclude>
    <ClInclude Include="..\Crypto\BlockCiphers\modes.hpp">
      <Filter>Файлы заголовков</Filter>
    </ClInclude>
    <ClInclude Include="..\Crypto\BlockCiphers\mycrypto.hpp">
      <Filter>Файлы заголовков</Filter>
    </ClInclude>
    <ClInclude Include="..\Crypto\Hashes\shash.h">
      <Filter>Файлы заголовков</Filter>
    </ClInclude>
    <ClInclude Include="..\Crypto\Hashes\crc8\shash_crc8.h">
      <Filter>Файлы заголовков</Filter>
    </ClInclude>
    <ClInclude Include="..\Crypto\Hashes\crc16\shash_crc16.h">
      <Filter>Файлы заголовков</Filter>
    </ClInclude>
    <ClInclude Include="..\Crypto\Hashes\crc32\shash_crc32.h">
      <Filter>Файлы заголовков</Filter>
    </ClInclude>
    <ClInclude Include="..\Crypto\Hashes\crc64\shash_crc64.h">
      <Filter>Файлы заголовков</Filter>
    </ClInclude>
    <ClInclude Include="..\Crypto\Hashes\Stribog\shash_stribog256.h">
      <Filter>Файлы заголовков</Filter>
    </ClInclude>
    <ClInclude Include="..\Crypto\Hashes\Stribog\shash_stribog512.h">
      <Filter>Файлы заголовков</Filter>
    </ClInclude>
    <ClInclude Include="..\Crypto\Hashes\Stribog\stribog.h">
      <Filter>Файлы заголовков</Filter>
    </ClInclude>
    <ClInclude Include="..\Crypto\Hashes\Stribog\stribog_data.h">
      <Filter>Файлы заголовков</Filter>
    </ClInclude>
    <ClInclude Include="..\Crypto\Hashes\Stribog\types.h">
      <Filter>Файлы заголовков</Filter>
    </ClInclude>
    <ClInclude Include="..\Crypto\RandomGenerators\ISAAK\sec_rand.h">
      <Filter>Файлы заголовков</Filter>
    </ClInclude>
    <ClInclude Include="..\Crypto\RandomGenerators\ISAAK\srandomgenerator_isaak.h">
      <Filter>Файлы заголовков</Filter>
    </ClInclude>
    <ClInclude Include="..\Crypto\RandomGenerators\ISAAK\standard.h">
      <Filter>Файлы заголовков</Filter>
    </ClInclude>
    <ClInclude Include="..\Crypto\RandomGenerators\OFBGamma\srandomgenerator_ofbgamma.h">
      <Filter>Файлы заголовков</Filter>
    </ClInclude>
    <ClInclude Include="..\Crypto\RandomGenerators\srandomgenerator.h">
      <Filter>Файлы заголовков</Filter>
    </ClInclude>
    <ClInclude Include="d_types.h">
      <Filter>Файлы заголовков</Filter>
    </ClInclude>
  </ItemGroup>
</Project>